// !$*UTF8*$!
{
	archiveVersion = 1;
	classes = {
	};
	objectVersion = 46;
	objects = {

/* Begin PBXBuildFile section */
		783A041C1C41B96400261387 /* PDAppDelegate.m in Sources */ = {isa = PBXBuildFile; fileRef = 783A04131C41B96400261387 /* PDAppDelegate.m */; };
		783A041D1C41B96400261387 /* Assets.xcassets in Resources */ = {isa = PBXBuildFile; fileRef = 783A04181C41B96400261387 /* Assets.xcassets */; };
		783A041F1C41B96400261387 /* main.m in Sources */ = {isa = PBXBuildFile; fileRef = 783A041B1C41B96400261387 /* main.m */; };
		783A04251C41BE5A00261387 /* PDRootViewController.m in Sources */ = {isa = PBXBuildFile; fileRef = 783A04231C41BE5A00261387 /* PDRootViewController.m */; };
		783A04261C41BE5A00261387 /* PDRootViewController.xib in Resources */ = {isa = PBXBuildFile; fileRef = 783A04241C41BE5A00261387 /* PDRootViewController.xib */; };
		783A04281C41C30B00261387 /* PDAppDelegate.xib in Resources */ = {isa = PBXBuildFile; fileRef = 783A04271C41C30B00261387 /* PDAppDelegate.xib */; };
		7876F3181C415F890014D67A /* PhotoDetection_iOSTests.m in Sources */ = {isa = PBXBuildFile; fileRef = 7876F3171C415F890014D67A /* PhotoDetection_iOSTests.m */; };
		7876F3231C415F890014D67A /* PhotoDetection_iOSUITests.m in Sources */ = {isa = PBXBuildFile; fileRef = 7876F3221C415F890014D67A /* PhotoDetection_iOSUITests.m */; };
/* End PBXBuildFile section */

/* Begin PBXContainerItemProxy section */
		7876F3141C415F890014D67A /* PBXContainerItemProxy */ = {
			isa = PBXContainerItemProxy;
			containerPortal = 7876F2F21C415F890014D67A /* Project object */;
			proxyType = 1;
			remoteGlobalIDString = 7876F2F91C415F890014D67A;
			remoteInfo = "PhotoDetection-iOS";
		};
		7876F31F1C415F890014D67A /* PBXContainerItemProxy */ = {
			isa = PBXContainerItemProxy;
			containerPortal = 7876F2F21C415F890014D67A /* Project object */;
			proxyType = 1;
			remoteGlobalIDString = 7876F2F91C415F890014D67A;
			remoteInfo = "PhotoDetection-iOS";
		};
/* End PBXContainerItemProxy section */

/* Begin PBXFileReference section */
		783A04121C41B96400261387 /* PDAppDelegate.h */ = {isa = PBXFileReference; fileEncoding = 4; lastKnownFileType = sourcecode.c.h; path = PDAppDelegate.h; sourceTree = "<group>"; };
		783A04131C41B96400261387 /* PDAppDelegate.m */ = {isa = PBXFileReference; fileEncoding = 4; lastKnownFileType = sourcecode.c.objc; path = PDAppDelegate.m; sourceTree = "<group>"; };
		783A04181C41B96400261387 /* Assets.xcassets */ = {isa = PBXFileReference; lastKnownFileType = folder.assetcatalog; path = Assets.xcassets; sourceTree = "<group>"; };
		783A041A1C41B96400261387 /* Info.plist */ = {isa = PBXFileReference; fileEncoding = 4; lastKnownFileType = text.plist.xml; path = Info.plist; sourceTree = "<group>"; };
		783A041B1C41B96400261387 /* main.m */ = {isa = PBXFileReference; fileEncoding = 4; lastKnownFileType = sourcecode.c.objc; path = main.m; sourceTree = "<group>"; };
		783A04201C41BA6900261387 /* PDPrefixHeader.pch */ = {isa = PBXFileReference; fileEncoding = 4; lastKnownFileType = sourcecode.c.h; path = PDPrefixHeader.pch; sourceTree = "<group>"; };
		783A04221C41BE5A00261387 /* PDRootViewController.h */ = {isa = PBXFileReference; fileEncoding = 4; lastKnownFileType = sourcecode.c.h; path = PDRootViewController.h; sourceTree = "<group>"; };
		783A04231C41BE5A00261387 /* PDRootViewController.m */ = {isa = PBXFileReference; fileEncoding = 4; lastKnownFileType = sourcecode.c.objc; path = PDRootViewController.m; sourceTree = "<group>"; };
		783A04241C41BE5A00261387 /* PDRootViewController.xib */ = {isa = PBXFileReference; fileEncoding = 4; lastKnownFileType = file.xib; path = PDRootViewController.xib; sourceTree = "<group>"; };
		783A04271C41C30B00261387 /* PDAppDelegate.xib */ = {isa = PBXFileReference; fileEncoding = 4; lastKnownFileType = file.xib; path = PDAppDelegate.xib; sourceTree = "<group>"; };
		7876F2FA1C415F890014D67A /* PhotoDetection-iOS.app */ = {isa = PBXFileReference; explicitFileType = wrapper.application; includeInIndex = 0; path = "PhotoDetection-iOS.app"; sourceTree = BUILT_PRODUCTS_DIR; };
		7876F3131C415F890014D67A /* PhotoDetection-iOSTests.xctest */ = {isa = PBXFileReference; explicitFileType = wrapper.cfbundle; includeInIndex = 0; path = "PhotoDetection-iOSTests.xctest"; sourceTree = BUILT_PRODUCTS_DIR; };
		7876F3171C415F890014D67A /* PhotoDetection_iOSTests.m */ = {isa = PBXFileReference; lastKnownFileType = sourcecode.c.objc; path = PhotoDetection_iOSTests.m; sourceTree = "<group>"; };
		7876F3191C415F890014D67A /* Info.plist */ = {isa = PBXFileReference; lastKnownFileType = text.plist.xml; path = Info.plist; sourceTree = "<group>"; };
		7876F31E1C415F890014D67A /* PhotoDetection-iOSUITests.xctest */ = {isa = PBXFileReference; explicitFileType = wrapper.cfbundle; includeInIndex = 0; path = "PhotoDetection-iOSUITests.xctest"; sourceTree = BUILT_PRODUCTS_DIR; };
		7876F3221C415F890014D67A /* PhotoDetection_iOSUITests.m */ = {isa = PBXFileReference; lastKnownFileType = sourcecode.c.objc; path = PhotoDetection_iOSUITests.m; sourceTree = "<group>"; };
		7876F3241C415F890014D67A /* Info.plist */ = {isa = PBXFileReference; lastKnownFileType = text.plist.xml; path = Info.plist; sourceTree = "<group>"; };
/* End PBXFileReference section */

/* Begin PBXFrameworksBuildPhase section */
		7876F2F71C415F890014D67A /* Frameworks */ = {
			isa = PBXFrameworksBuildPhase;
			buildActionMask = 2147483647;
			files = (
			);
			runOnlyForDeploymentPostprocessing = 0;
		};
		7876F3101C415F890014D67A /* Frameworks */ = {
			isa = PBXFrameworksBuildPhase;
			buildActionMask = 2147483647;
			files = (
			);
			runOnlyForDeploymentPostprocessing = 0;
		};
		7876F31B1C415F890014D67A /* Frameworks */ = {
			isa = PBXFrameworksBuildPhase;
			buildActionMask = 2147483647;
			files = (
			);
			runOnlyForDeploymentPostprocessing = 0;
		};
/* End PBXFrameworksBuildPhase section */

/* Begin PBXGroup section */
		783A04111C41B96400261387 /* Classes */ = {
			isa = PBXGroup;
			children = (
				783A04121C41B96400261387 /* PDAppDelegate.h */,
				783A04131C41B96400261387 /* PDAppDelegate.m */,
				783A04271C41C30B00261387 /* PDAppDelegate.xib */,
				783A04141C41B96400261387 /* Controller */,
				783A04151C41B96400261387 /* Model */,
				783A04161C41B96400261387 /* View */,
			);
			path = Classes;
			sourceTree = "<group>";
		};
		783A04141C41B96400261387 /* Controller */ = {
			isa = PBXGroup;
			children = (
				783A04211C41BE3600261387 /* PDRootViewController */,
			);
			path = Controller;
			sourceTree = "<group>";
		};
		783A04151C41B96400261387 /* Model */ = {
			isa = PBXGroup;
			children = (
			);
			path = Model;
			sourceTree = "<group>";
		};
		783A04161C41B96400261387 /* View */ = {
			isa = PBXGroup;
			children = (
			);
			path = View;
			sourceTree = "<group>";
		};
		783A04171C41B96400261387 /* Resources */ = {
			isa = PBXGroup;
			children = (
				783A04181C41B96400261387 /* Assets.xcassets */,
			);
			path = Resources;
			sourceTree = "<group>";
		};
		783A04191C41B96400261387 /* Supporting Files */ = {
			isa = PBXGroup;
			children = (
				783A041A1C41B96400261387 /* Info.plist */,
				783A041B1C41B96400261387 /* main.m */,
				783A04201C41BA6900261387 /* PDPrefixHeader.pch */,
			);
			path = "Supporting Files";
			sourceTree = "<group>";
		};
		783A04211C41BE3600261387 /* PDRootViewController */ = {
			isa = PBXGroup;
			children = (
				783A04221C41BE5A00261387 /* PDRootViewController.h */,
				783A04231C41BE5A00261387 /* PDRootViewController.m */,
				783A04241C41BE5A00261387 /* PDRootViewController.xib */,
			);
			path = PDRootViewController;
			sourceTree = "<group>";
		};
		7876F2F11C415F890014D67A = {
			isa = PBXGroup;
			children = (
				7876F2FC1C415F890014D67A /* PhotoDetection-iOS */,
				7876F3161C415F890014D67A /* PhotoDetection-iOSTests */,
				7876F3211C415F890014D67A /* PhotoDetection-iOSUITests */,
				7876F2FB1C415F890014D67A /* Products */,
			);
			sourceTree = "<group>";
		};
		7876F2FB1C415F890014D67A /* Products */ = {
			isa = PBXGroup;
			children = (
				7876F2FA1C415F890014D67A /* PhotoDetection-iOS.app */,
				7876F3131C415F890014D67A /* PhotoDetection-iOSTests.xctest */,
				7876F31E1C415F890014D67A /* PhotoDetection-iOSUITests.xctest */,
			);
			name = Products;
			sourceTree = "<group>";
		};
		7876F2FC1C415F890014D67A /* PhotoDetection-iOS */ = {
			isa = PBXGroup;
			children = (
				783A04111C41B96400261387 /* Classes */,
				783A04171C41B96400261387 /* Resources */,
				783A04191C41B96400261387 /* Supporting Files */,
			);
			path = "PhotoDetection-iOS";
			sourceTree = "<group>";
		};
		7876F3161C415F890014D67A /* PhotoDetection-iOSTests */ = {
			isa = PBXGroup;
			children = (
				7876F3171C415F890014D67A /* PhotoDetection_iOSTests.m */,
				7876F3191C415F890014D67A /* Info.plist */,
			);
			path = "PhotoDetection-iOSTests";
			sourceTree = "<group>";
		};
		7876F3211C415F890014D67A /* PhotoDetection-iOSUITests */ = {
			isa = PBXGroup;
			children = (
				7876F3221C415F890014D67A /* PhotoDetection_iOSUITests.m */,
				7876F3241C415F890014D67A /* Info.plist */,
			);
			path = "PhotoDetection-iOSUITests";
			sourceTree = "<group>";
		};
/* End PBXGroup section */

/* Begin PBXNativeTarget section */
		7876F2F91C415F890014D67A /* PhotoDetection-iOS */ = {
			isa = PBXNativeTarget;
			buildConfigurationList = 7876F3271C415F890014D67A /* Build configuration list for PBXNativeTarget "PhotoDetection-iOS" */;
			buildPhases = (
				7876F2F61C415F890014D67A /* Sources */,
				7876F2F71C415F890014D67A /* Frameworks */,
				7876F2F81C415F890014D67A /* Resources */,
			);
			buildRules = (
			);
			dependencies = (
			);
			name = "PhotoDetection-iOS";
			productName = "PhotoDetection-iOS";
			productReference = 7876F2FA1C415F890014D67A /* PhotoDetection-iOS.app */;
			productType = "com.apple.product-type.application";
		};
		7876F3121C415F890014D67A /* PhotoDetection-iOSTests */ = {
			isa = PBXNativeTarget;
			buildConfigurationList = 7876F32A1C415F890014D67A /* Build configuration list for PBXNativeTarget "PhotoDetection-iOSTests" */;
			buildPhases = (
				7876F30F1C415F890014D67A /* Sources */,
				7876F3101C415F890014D67A /* Frameworks */,
				7876F3111C415F890014D67A /* Resources */,
			);
			buildRules = (
			);
			dependencies = (
				7876F3151C415F890014D67A /* PBXTargetDependency */,
			);
			name = "PhotoDetection-iOSTests";
			productName = "PhotoDetection-iOSTests";
			productReference = 7876F3131C415F890014D67A /* PhotoDetection-iOSTests.xctest */;
			productType = "com.apple.product-type.bundle.unit-test";
		};
		7876F31D1C415F890014D67A /* PhotoDetection-iOSUITests */ = {
			isa = PBXNativeTarget;
			buildConfigurationList = 7876F32D1C415F890014D67A /* Build configuration list for PBXNativeTarget "PhotoDetection-iOSUITests" */;
			buildPhases = (
				7876F31A1C415F890014D67A /* Sources */,
				7876F31B1C415F890014D67A /* Frameworks */,
				7876F31C1C415F890014D67A /* Resources */,
			);
			buildRules = (
			);
			dependencies = (
				7876F3201C415F890014D67A /* PBXTargetDependency */,
			);
			name = "PhotoDetection-iOSUITests";
			productName = "PhotoDetection-iOSUITests";
			productReference = 7876F31E1C415F890014D67A /* PhotoDetection-iOSUITests.xctest */;
			productType = "com.apple.product-type.bundle.ui-testing";
		};
/* End PBXNativeTarget section */

/* Begin PBXProject section */
		7876F2F21C415F890014D67A /* Project object */ = {
			isa = PBXProject;
			attributes = {
				LastUpgradeCheck = 0720;
				ORGANIZATIONNAME = "Alvin Cris Uy";
				TargetAttributes = {
					7876F2F91C415F890014D67A = {
						CreatedOnToolsVersion = 7.2;
					};
					7876F3121C415F890014D67A = {
						CreatedOnToolsVersion = 7.2;
						TestTargetID = 7876F2F91C415F890014D67A;
					};
					7876F31D1C415F890014D67A = {
						CreatedOnToolsVersion = 7.2;
						TestTargetID = 7876F2F91C415F890014D67A;
					};
				};
			};
			buildConfigurationList = 7876F2F51C415F890014D67A /* Build configuration list for PBXProject "PhotoDetection-iOS" */;
			compatibilityVersion = "Xcode 3.2";
			developmentRegion = English;
			hasScannedForEncodings = 0;
			knownRegions = (
				en,
				Base,
			);
			mainGroup = 7876F2F11C415F890014D67A;
			productRefGroup = 7876F2FB1C415F890014D67A /* Products */;
			projectDirPath = "";
			projectRoot = "";
			targets = (
				7876F2F91C415F890014D67A /* PhotoDetection-iOS */,
				7876F3121C415F890014D67A /* PhotoDetection-iOSTests */,
				7876F31D1C415F890014D67A /* PhotoDetection-iOSUITests */,
			);
		};
/* End PBXProject section */

/* Begin PBXResourcesBuildPhase section */
		7876F2F81C415F890014D67A /* Resources */ = {
			isa = PBXResourcesBuildPhase;
			buildActionMask = 2147483647;
			files = (
				783A04261C41BE5A00261387 /* PDRootViewController.xib in Resources */,
				783A04281C41C30B00261387 /* PDAppDelegate.xib in Resources */,
				783A041D1C41B96400261387 /* Assets.xcassets in Resources */,
			);
			runOnlyForDeploymentPostprocessing = 0;
		};
		7876F3111C415F890014D67A /* Resources */ = {
			isa = PBXResourcesBuildPhase;
			buildActionMask = 2147483647;
			files = (
			);
			runOnlyForDeploymentPostprocessing = 0;
		};
		7876F31C1C415F890014D67A /* Resources */ = {
			isa = PBXResourcesBuildPhase;
			buildActionMask = 2147483647;
			files = (
			);
			runOnlyForDeploymentPostprocessing = 0;
		};
/* End PBXResourcesBuildPhase section */

/* Begin PBXSourcesBuildPhase section */
		7876F2F61C415F890014D67A /* Sources */ = {
			isa = PBXSourcesBuildPhase;
			buildActionMask = 2147483647;
			files = (
				783A04251C41BE5A00261387 /* PDRootViewController.m in Sources */,
				783A041F1C41B96400261387 /* main.m in Sources */,
				783A041C1C41B96400261387 /* PDAppDelegate.m in Sources */,
			);
			runOnlyForDeploymentPostprocessing = 0;
		};
		7876F30F1C415F890014D67A /* Sources */ = {
			isa = PBXSourcesBuildPhase;
			buildActionMask = 2147483647;
			files = (
				7876F3181C415F890014D67A /* PhotoDetection_iOSTests.m in Sources */,
			);
			runOnlyForDeploymentPostprocessing = 0;
		};
		7876F31A1C415F890014D67A /* Sources */ = {
			isa = PBXSourcesBuildPhase;
			buildActionMask = 2147483647;
			files = (
				7876F3231C415F890014D67A /* PhotoDetection_iOSUITests.m in Sources */,
			);
			runOnlyForDeploymentPostprocessing = 0;
		};
/* End PBXSourcesBuildPhase section */

/* Begin PBXTargetDependency section */
		7876F3151C415F890014D67A /* PBXTargetDependency */ = {
			isa = PBXTargetDependency;
			target = 7876F2F91C415F890014D67A /* PhotoDetection-iOS */;
			targetProxy = 7876F3141C415F890014D67A /* PBXContainerItemProxy */;
		};
		7876F3201C415F890014D67A /* PBXTargetDependency */ = {
			isa = PBXTargetDependency;
			target = 7876F2F91C415F890014D67A /* PhotoDetection-iOS */;
			targetProxy = 7876F31F1C415F890014D67A /* PBXContainerItemProxy */;
		};
/* End PBXTargetDependency section */

/* Begin XCBuildConfiguration section */
		7876F3251C415F890014D67A /* Debug */ = {
			isa = XCBuildConfiguration;
			buildSettings = {
				ALWAYS_SEARCH_USER_PATHS = NO;
				CLANG_CXX_LANGUAGE_STANDARD = "gnu++0x";
				CLANG_CXX_LIBRARY = "libc++";
				CLANG_ENABLE_MODULES = YES;
				CLANG_ENABLE_OBJC_ARC = YES;
				CLANG_WARN_BOOL_CONVERSION = YES;
				CLANG_WARN_CONSTANT_CONVERSION = YES;
				CLANG_WARN_DIRECT_OBJC_ISA_USAGE = YES_ERROR;
				CLANG_WARN_EMPTY_BODY = YES;
				CLANG_WARN_ENUM_CONVERSION = YES;
				CLANG_WARN_INT_CONVERSION = YES;
				CLANG_WARN_OBJC_ROOT_CLASS = YES_ERROR;
				CLANG_WARN_UNREACHABLE_CODE = YES;
				CLANG_WARN__DUPLICATE_METHOD_MATCH = YES;
				"CODE_SIGN_IDENTITY[sdk=iphoneos*]" = "iPhone Developer";
				COPY_PHASE_STRIP = NO;
				DEBUG_INFORMATION_FORMAT = dwarf;
				ENABLE_STRICT_OBJC_MSGSEND = YES;
				ENABLE_TESTABILITY = YES;
				GCC_C_LANGUAGE_STANDARD = gnu99;
				GCC_DYNAMIC_NO_PIC = NO;
				GCC_NO_COMMON_BLOCKS = YES;
				GCC_OPTIMIZATION_LEVEL = 0;
				GCC_PREPROCESSOR_DEFINITIONS = (
					"DEBUG=1",
					"$(inherited)",
				);
				GCC_WARN_64_TO_32_BIT_CONVERSION = YES;
				GCC_WARN_ABOUT_RETURN_TYPE = YES_ERROR;
				GCC_WARN_UNDECLARED_SELECTOR = YES;
				GCC_WARN_UNINITIALIZED_AUTOS = YES_AGGRESSIVE;
				GCC_WARN_UNUSED_FUNCTION = YES;
				GCC_WARN_UNUSED_VARIABLE = YES;
				IPHONEOS_DEPLOYMENT_TARGET = 9.2;
				MTL_ENABLE_DEBUG_INFO = YES;
				ONLY_ACTIVE_ARCH = YES;
				SDKROOT = iphoneos;
				TARGETED_DEVICE_FAMILY = "1,2";
			};
			name = Debug;
		};
		7876F3261C415F890014D67A /* Release */ = {
			isa = XCBuildConfiguration;
			buildSettings = {
				ALWAYS_SEARCH_USER_PATHS = NO;
				CLANG_CXX_LANGUAGE_STANDARD = "gnu++0x";
				CLANG_CXX_LIBRARY = "libc++";
				CLANG_ENABLE_MODULES = YES;
				CLANG_ENABLE_OBJC_ARC = YES;
				CLANG_WARN_BOOL_CONVERSION = YES;
				CLANG_WARN_CONSTANT_CONVERSION = YES;
				CLANG_WARN_DIRECT_OBJC_ISA_USAGE = YES_ERROR;
				CLANG_WARN_EMPTY_BODY = YES;
				CLANG_WARN_ENUM_CONVERSION = YES;
				CLANG_WARN_INT_CONVERSION = YES;
				CLANG_WARN_OBJC_ROOT_CLASS = YES_ERROR;
				CLANG_WARN_UNREACHABLE_CODE = YES;
				CLANG_WARN__DUPLICATE_METHOD_MATCH = YES;
				"CODE_SIGN_IDENTITY[sdk=iphoneos*]" = "iPhone Developer";
				COPY_PHASE_STRIP = NO;
				DEBUG_INFORMATION_FORMAT = "dwarf-with-dsym";
				ENABLE_NS_ASSERTIONS = NO;
				ENABLE_STRICT_OBJC_MSGSEND = YES;
				GCC_C_LANGUAGE_STANDARD = gnu99;
				GCC_NO_COMMON_BLOCKS = YES;
				GCC_WARN_64_TO_32_BIT_CONVERSION = YES;
				GCC_WARN_ABOUT_RETURN_TYPE = YES_ERROR;
				GCC_WARN_UNDECLARED_SELECTOR = YES;
				GCC_WARN_UNINITIALIZED_AUTOS = YES_AGGRESSIVE;
				GCC_WARN_UNUSED_FUNCTION = YES;
				GCC_WARN_UNUSED_VARIABLE = YES;
				IPHONEOS_DEPLOYMENT_TARGET = 9.2;
				MTL_ENABLE_DEBUG_INFO = NO;
				SDKROOT = iphoneos;
				TARGETED_DEVICE_FAMILY = "1,2";
				VALIDATE_PRODUCT = YES;
			};
			name = Release;
		};
		7876F3281C415F890014D67A /* Debug */ = {
			isa = XCBuildConfiguration;
			buildSettings = {
				ASSETCATALOG_COMPILER_APPICON_NAME = AppIcon;
				GCC_INCREASE_PRECOMPILED_HEADER_SHARING = YES;
				GCC_PRECOMPILE_PREFIX_HEADER = YES;
				GCC_PREFIX_HEADER = "PhotoDetection-iOS/Supporting Files/PDPrefixHeader.pch";
				INFOPLIST_FILE = "$(SRCROOT)/PhotoDetection-iOS/Supporting Files/Info.plist";
				LD_RUNPATH_SEARCH_PATHS = "$(inherited) @executable_path/Frameworks";
				PRODUCT_BUNDLE_IDENTIFIER = "com.alvincrisuy.PhotoDetection-iOS";
				PRODUCT_NAME = "$(TARGET_NAME)";
			};
			name = Debug;
		};
		7876F3291C415F890014D67A /* Release */ = {
			isa = XCBuildConfiguration;
			buildSettings = {
				ASSETCATALOG_COMPILER_APPICON_NAME = AppIcon;
				GCC_INCREASE_PRECOMPILED_HEADER_SHARING = YES;
				GCC_PRECOMPILE_PREFIX_HEADER = YES;
				GCC_PREFIX_HEADER = "PhotoDetection-iOS/Supporting Files/PDPrefixHeader.pch";
				INFOPLIST_FILE = "$(SRCROOT)/PhotoDetection-iOS/Supporting Files/Info.plist";
				LD_RUNPATH_SEARCH_PATHS = "$(inherited) @executable_path/Frameworks";
				PRODUCT_BUNDLE_IDENTIFIER = "com.alvincrisuy.PhotoDetection-iOS";
				PRODUCT_NAME = "$(TARGET_NAME)";
			};
			name = Release;
		};
		7876F32B1C415F890014D67A /* Debug */ = {
			isa = XCBuildConfiguration;
			buildSettings = {
				BUNDLE_LOADER = "$(TEST_HOST)";
				INFOPLIST_FILE = "PhotoDetection-iOSTests/Info.plist";
				LD_RUNPATH_SEARCH_PATHS = "$(inherited) @executable_path/Frameworks @loader_path/Frameworks";
				PRODUCT_BUNDLE_IDENTIFIER = "com.alvincrisuy.PhotoDetection-iOSTests";
				PRODUCT_NAME = "$(TARGET_NAME)";
				TEST_HOST = "$(BUILT_PRODUCTS_DIR)/PhotoDetection-iOS.app/PhotoDetection-iOS";
			};
			name = Debug;
		};
		7876F32C1C415F890014D67A /* Release */ = {
			isa = XCBuildConfiguration;
			buildSettings = {
				BUNDLE_LOADER = "$(TEST_HOST)";
				INFOPLIST_FILE = "PhotoDetection-iOSTests/Info.plist";
				LD_RUNPATH_SEARCH_PATHS = "$(inherited) @executable_path/Frameworks @loader_path/Frameworks";
				PRODUCT_BUNDLE_IDENTIFIER = "com.alvincrisuy.PhotoDetection-iOSTests";
				PRODUCT_NAME = "$(TARGET_NAME)";
				TEST_HOST = "$(BUILT_PRODUCTS_DIR)/PhotoDetection-iOS.app/PhotoDetection-iOS";
			};
			name = Release;
		};
		7876F32E1C415F890014D67A /* Debug */ = {
			isa = XCBuildConfiguration;
			buildSettings = {
				INFOPLIST_FILE = "PhotoDetection-iOSUITests/Info.plist";
				LD_RUNPATH_SEARCH_PATHS = "$(inherited) @executable_path/Frameworks @loader_path/Frameworks";
				PRODUCT_BUNDLE_IDENTIFIER = "com.alvincrisuy.PhotoDetection-iOSUITests";
				PRODUCT_NAME = "$(TARGET_NAME)";
				TEST_TARGET_NAME = "PhotoDetection-iOS";
				USES_XCTRUNNER = YES;
			};
			name = Debug;
		};
		7876F32F1C415F890014D67A /* Release */ = {
			isa = XCBuildConfiguration;
			buildSettings = {
				INFOPLIST_FILE = "PhotoDetection-iOSUITests/Info.plist";
				LD_RUNPATH_SEARCH_PATHS = "$(inherited) @executable_path/Frameworks @loader_path/Frameworks";
				PRODUCT_BUNDLE_IDENTIFIER = "com.alvincrisuy.PhotoDetection-iOSUITests";
				PRODUCT_NAME = "$(TARGET_NAME)";
				TEST_TARGET_NAME = "PhotoDetection-iOS";
				USES_XCTRUNNER = YES;
			};
			name = Release;
		};
/* End XCBuildConfiguration section */

/* Begin XCConfigurationList section */
		7876F2F51C415F890014D67A /* Build configuration list for PBXProject "PhotoDetection-iOS" */ = {
			isa = XCConfigurationList;
			buildConfigurations = (
				7876F3251C415F890014D67A /* Debug */,
				7876F3261C415F890014D67A /* Release */,
			);
			defaultConfigurationIsVisible = 0;
			defaultConfigurationName = Release;
		};
		7876F3271C415F890014D67A /* Build configuration list for PBXNativeTarget "PhotoDetection-iOS" */ = {
			isa = XCConfigurationList;
			buildConfigurations = (
				7876F3281C415F890014D67A /* Debug */,
				7876F3291C415F890014D67A /* Release */,
			);
			defaultConfigurationIsVisible = 0;
			defaultConfigurationName = Release;
		};
		7876F32A1C415F890014D67A /* Build configuration list for PBXNativeTarget "PhotoDetection-iOSTests" */ = {
			isa = XCConfigurationList;
			buildConfigurations = (
				7876F32B1C415F890014D67A /* Debug */,
				7876F32C1C415F890014D67A /* Release */,
			);
			defaultConfigurationIsVisible = 0;
			defaultConfigurationName = Release;
		};
		7876F32D1C415F890014D67A /* Build configuration list for PBXNativeTarget "PhotoDetection-iOSUITests" */ = {
			isa = XCConfigurationList;
			buildConfigurations = (
				7876F32E1C415F890014D67A /* Debug */,
				7876F32F1C415F890014D67A /* Release */,
			);
			defaultConfigurationIsVisible = 0;
			defaultConfigurationName = Release;
		};
/* End XCConfigurationList section */
	};
	rootObject = 7876F2F21C415F890014D67A /* Project object */;
}
