// !$*UTF8*$!
{
	archiveVersion = 1;
	classes = {
	};
	objectVersion = 46;
	objects = {

/* Begin PBXBuildFile section */
		7876F2C01C415D180014D67A /* main.m in Sources */ = {isa = PBXBuildFile; fileRef = 7876F2BF1C415D180014D67A /* main.m */; };
		7876F2C31C415D180014D67A /* AppDelegate.m in Sources */ = {isa = PBXBuildFile; fileRef = 7876F2C21C415D180014D67A /* AppDelegate.m */; };
		7876F2C61C415D180014D67A /* ViewController.m in Sources */ = {isa = PBXBuildFile; fileRef = 7876F2C51C415D180014D67A /* ViewController.m */; };
		7876F2C91C415D180014D67A /* Main.storyboard in Resources */ = {isa = PBXBuildFile; fileRef = 7876F2C71C415D180014D67A /* Main.storyboard */; };
		7876F2CB1C415D180014D67A /* Assets.xcassets in Resources */ = {isa = PBXBuildFile; fileRef = 7876F2CA1C415D180014D67A /* Assets.xcassets */; };
		7876F2CE1C415D180014D67A /* LaunchScreen.storyboard in Resources */ = {isa = PBXBuildFile; fileRef = 7876F2CC1C415D180014D67A /* LaunchScreen.storyboard */; };
		7876F2D91C415D180014D67A /* PhotoDetectionTests.m in Sources */ = {isa = PBXBuildFile; fileRef = 7876F2D81C415D180014D67A /* PhotoDetectionTests.m */; };
		7876F2E41C415D180014D67A /* PhotoDetectionUITests.m in Sources */ = {isa = PBXBuildFile; fileRef = 7876F2E31C415D180014D67A /* PhotoDetectionUITests.m */; };
/* End PBXBuildFile section */

/* Begin PBXContainerItemProxy section */
		7876F2D51C415D180014D67A /* PBXContainerItemProxy */ = {
			isa = PBXContainerItemProxy;
			containerPortal = 7876F2B31C415D170014D67A /* Project object */;
			proxyType = 1;
			remoteGlobalIDString = 7876F2BA1C415D180014D67A;
			remoteInfo = PhotoDetection;
		};
		7876F2E01C415D180014D67A /* PBXContainerItemProxy */ = {
			isa = PBXContainerItemProxy;
			containerPortal = 7876F2B31C415D170014D67A /* Project object */;
			proxyType = 1;
			remoteGlobalIDString = 7876F2BA1C415D180014D67A;
			remoteInfo = PhotoDetection;
		};
/* End PBXContainerItemProxy section */

/* Begin PBXFileReference section */
		7876F2BB1C415D180014D67A /* PhotoDetection.app */ = {isa = PBXFileReference; explicitFileType = wrapper.application; includeInIndex = 0; path = PhotoDetection.app; sourceTree = BUILT_PRODUCTS_DIR; };
		7876F2BF1C415D180014D67A /* main.m */ = {isa = PBXFileReference; lastKnownFileType = sourcecode.c.objc; path = main.m; sourceTree = "<group>"; };
		7876F2C11C415D180014D67A /* AppDelegate.h */ = {isa = PBXFileReference; lastKnownFileType = sourcecode.c.h; path = AppDelegate.h; sourceTree = "<group>"; };
		7876F2C21C415D180014D67A /* AppDelegate.m */ = {isa = PBXFileReference; lastKnownFileType = sourcecode.c.objc; path = AppDelegate.m; sourceTree = "<group>"; };
		7876F2C41C415D180014D67A /* ViewController.h */ = {isa = PBXFileReference; lastKnownFileType = sourcecode.c.h; path = ViewController.h; sourceTree = "<group>"; };
		7876F2C51C415D180014D67A /* ViewController.m */ = {isa = PBXFileReference; lastKnownFileType = sourcecode.c.objc; path = ViewController.m; sourceTree = "<group>"; };
		7876F2C81C415D180014D67A /* Base */ = {isa = PBXFileReference; lastKnownFileType = file.storyboard; name = Base; path = Base.lproj/Main.storyboard; sourceTree = "<group>"; };
		7876F2CA1C415D180014D67A /* Assets.xcassets */ = {isa = PBXFileReference; lastKnownFileType = folder.assetcatalog; path = Assets.xcassets; sourceTree = "<group>"; };
		7876F2CD1C415D180014D67A /* Base */ = {isa = PBXFileReference; lastKnownFileType = file.storyboard; name = Base; path = Base.lproj/LaunchScreen.storyboard; sourceTree = "<group>"; };
		7876F2CF1C415D180014D67A /* Info.plist */ = {isa = PBXFileReference; lastKnownFileType = text.plist.xml; path = Info.plist; sourceTree = "<group>"; };
		7876F2D41C415D180014D67A /* PhotoDetectionTests.xctest */ = {isa = PBXFileReference; explicitFileType = wrapper.cfbundle; includeInIndex = 0; path = PhotoDetectionTests.xctest; sourceTree = BUILT_PRODUCTS_DIR; };
		7876F2D81C415D180014D67A /* PhotoDetectionTests.m */ = {isa = PBXFileReference; lastKnownFileType = sourcecode.c.objc; path = PhotoDetectionTests.m; sourceTree = "<group>"; };
		7876F2DA1C415D180014D67A /* Info.plist */ = {isa = PBXFileReference; lastKnownFileType = text.plist.xml; path = Info.plist; sourceTree = "<group>"; };
		7876F2DF1C415D180014D67A /* PhotoDetectionUITests.xctest */ = {isa = PBXFileReference; explicitFileType = wrapper.cfbundle; includeInIndex = 0; path = PhotoDetectionUITests.xctest; sourceTree = BUILT_PRODUCTS_DIR; };
		7876F2E31C415D180014D67A /* PhotoDetectionUITests.m */ = {isa = PBXFileReference; lastKnownFileType = sourcecode.c.objc; path = PhotoDetectionUITests.m; sourceTree = "<group>"; };
		7876F2E51C415D180014D67A /* Info.plist */ = {isa = PBXFileReference; lastKnownFileType = text.plist.xml; path = Info.plist; sourceTree = "<group>"; };
/* End PBXFileReference section */

/* Begin PBXFrameworksBuildPhase section */
		7876F2B81C415D180014D67A /* Frameworks */ = {
			isa = PBXFrameworksBuildPhase;
			buildActionMask = 2147483647;
			files = (
			);
			runOnlyForDeploymentPostprocessing = 0;
		};
		7876F2D11C415D180014D67A /* Frameworks */ = {
			isa = PBXFrameworksBuildPhase;
			buildActionMask = 2147483647;
			files = (
			);
			runOnlyForDeploymentPostprocessing = 0;
		};
		7876F2DC1C415D180014D67A /* Frameworks */ = {
			isa = PBXFrameworksBuildPhase;
			buildActionMask = 2147483647;
			files = (
			);
			runOnlyForDeploymentPostprocessing = 0;
		};
/* End PBXFrameworksBuildPhase section */

/* Begin PBXGroup section */
		7876F2B21C415D170014D67A = {
			isa = PBXGroup;
			children = (
				7876F2BD1C415D180014D67A /* PhotoDetection */,
				7876F2D71C415D180014D67A /* PhotoDetectionTests */,
				7876F2E21C415D180014D67A /* PhotoDetectionUITests */,
				7876F2BC1C415D180014D67A /* Products */,
			);
			sourceTree = "<group>";
		};
		7876F2BC1C415D180014D67A /* Products */ = {
			isa = PBXGroup;
			children = (
				7876F2BB1C415D180014D67A /* PhotoDetection.app */,
				7876F2D41C415D180014D67A /* PhotoDetectionTests.xctest */,
				7876F2DF1C415D180014D67A /* PhotoDetectionUITests.xctest */,
			);
			name = Products;
			sourceTree = "<group>";
		};
		7876F2BD1C415D180014D67A /* PhotoDetection */ = {
			isa = PBXGroup;
			children = (
				7876F2C11C415D180014D67A /* AppDelegate.h */,
				7876F2C21C415D180014D67A /* AppDelegate.m */,
				7876F2C41C415D180014D67A /* ViewController.h */,
				7876F2C51C415D180014D67A /* ViewController.m */,
				7876F2C71C415D180014D67A /* Main.storyboard */,
				7876F2CA1C415D180014D67A /* Assets.xcassets */,
				7876F2CC1C415D180014D67A /* LaunchScreen.storyboard */,
				7876F2CF1C415D180014D67A /* Info.plist */,
				7876F2BE1C415D180014D67A /* Supporting Files */,
			);
			path = PhotoDetection;
			sourceTree = "<group>";
		};
		7876F2BE1C415D180014D67A /* Supporting Files */ = {
			isa = PBXGroup;
			children = (
				7876F2BF1C415D180014D67A /* main.m */,
			);
			name = "Supporting Files";
			sourceTree = "<group>";
		};
		7876F2D71C415D180014D67A /* PhotoDetectionTests */ = {
			isa = PBXGroup;
			children = (
				7876F2D81C415D180014D67A /* PhotoDetectionTests.m */,
				7876F2DA1C415D180014D67A /* Info.plist */,
			);
			path = PhotoDetectionTests;
			sourceTree = "<group>";
		};
		7876F2E21C415D180014D67A /* PhotoDetectionUITests */ = {
			isa = PBXGroup;
			children = (
				7876F2E31C415D180014D67A /* PhotoDetectionUITests.m */,
				7876F2E51C415D180014D67A /* Info.plist */,
			);
			path = PhotoDetectionUITests;
			sourceTree = "<group>";
		};
/* End PBXGroup section */

/* Begin PBXNativeTarget section */
		7876F2BA1C415D180014D67A /* PhotoDetection */ = {
			isa = PBXNativeTarget;
			buildConfigurationList = 7876F2E81C415D180014D67A /* Build configuration list for PBXNativeTarget "PhotoDetection" */;
			buildPhases = (
				7876F2B71C415D180014D67A /* Sources */,
				7876F2B81C415D180014D67A /* Frameworks */,
				7876F2B91C415D180014D67A /* Resources */,
			);
			buildRules = (
			);
			dependencies = (
			);
			name = PhotoDetection;
			productName = PhotoDetection;
			productReference = 7876F2BB1C415D180014D67A /* PhotoDetection.app */;
			productType = "com.apple.product-type.application";
		};
		7876F2D31C415D180014D67A /* PhotoDetectionTests */ = {
			isa = PBXNativeTarget;
			buildConfigurationList = 7876F2EB1C415D180014D67A /* Build configuration list for PBXNativeTarget "PhotoDetectionTests" */;
			buildPhases = (
				7876F2D01C415D180014D67A /* Sources */,
				7876F2D11C415D180014D67A /* Frameworks */,
				7876F2D21C415D180014D67A /* Resources */,
			);
			buildRules = (
			);
			dependencies = (
				7876F2D61C415D180014D67A /* PBXTargetDependency */,
			);
			name = PhotoDetectionTests;
			productName = PhotoDetectionTests;
			productReference = 7876F2D41C415D180014D67A /* PhotoDetectionTests.xctest */;
			productType = "com.apple.product-type.bundle.unit-test";
		};
		7876F2DE1C415D180014D67A /* PhotoDetectionUITests */ = {
			isa = PBXNativeTarget;
			buildConfigurationList = 7876F2EE1C415D180014D67A /* Build configuration list for PBXNativeTarget "PhotoDetectionUITests" */;
			buildPhases = (
				7876F2DB1C415D180014D67A /* Sources */,
				7876F2DC1C415D180014D67A /* Frameworks */,
				7876F2DD1C415D180014D67A /* Resources */,
			);
			buildRules = (
			);
			dependencies = (
				7876F2E11C415D180014D67A /* PBXTargetDependency */,
			);
			name = PhotoDetectionUITests;
			productName = PhotoDetectionUITests;
			productReference = 7876F2DF1C415D180014D67A /* PhotoDetectionUITests.xctest */;
			productType = "com.apple.product-type.bundle.ui-testing";
		};
/* End PBXNativeTarget section */

/* Begin PBXProject section */
		7876F2B31C415D170014D67A /* Project object */ = {
			isa = PBXProject;
			attributes = {
				LastUpgradeCheck = 0720;
				ORGANIZATIONNAME = "Alvin Cris Uy";
				TargetAttributes = {
					7876F2BA1C415D180014D67A = {
						CreatedOnToolsVersion = 7.2;
					};
					7876F2D31C415D180014D67A = {
						CreatedOnToolsVersion = 7.2;
						TestTargetID = 7876F2BA1C415D180014D67A;
					};
					7876F2DE1C415D180014D67A = {
						CreatedOnToolsVersion = 7.2;
						TestTargetID = 7876F2BA1C415D180014D67A;
					};
				};
			};
			buildConfigurationList = 7876F2B61C415D170014D67A /* Build configuration list for PBXProject "PhotoDetection" */;
			compatibilityVersion = "Xcode 3.2";
			developmentRegion = English;
			hasScannedForEncodings = 0;
			knownRegions = (
				en,
				Base,
			);
			mainGroup = 7876F2B21C415D170014D67A;
			productRefGroup = 7876F2BC1C415D180014D67A /* Products */;
			projectDirPath = "";
			projectRoot = "";
			targets = (
				7876F2BA1C415D180014D67A /* PhotoDetection */,
				7876F2D31C415D180014D67A /* PhotoDetectionTests */,
				7876F2DE1C415D180014D67A /* PhotoDetectionUITests */,
			);
		};
/* End PBXProject section */

/* Begin PBXResourcesBuildPhase section */
		7876F2B91C415D180014D67A /* Resources */ = {
			isa = PBXResourcesBuildPhase;
			buildActionMask = 2147483647;
			files = (
				7876F2CE1C415D180014D67A /* LaunchScreen.storyboard in Resources */,
				7876F2CB1C415D180014D67A /* Assets.xcassets in Resources */,
				7876F2C91C415D180014D67A /* Main.storyboard in Resources */,
			);
			runOnlyForDeploymentPostprocessing = 0;
		};
		7876F2D21C415D180014D67A /* Resources */ = {
			isa = PBXResourcesBuildPhase;
			buildActionMask = 2147483647;
			files = (
			);
			runOnlyForDeploymentPostprocessing = 0;
		};
		7876F2DD1C415D180014D67A /* Resources */ = {
			isa = PBXResourcesBuildPhase;
			buildActionMask = 2147483647;
			files = (
			);
			runOnlyForDeploymentPostprocessing = 0;
		};
/* End PBXResourcesBuildPhase section */

/* Begin PBXSourcesBuildPhase section */
		7876F2B71C415D180014D67A /* Sources */ = {
			isa = PBXSourcesBuildPhase;
			buildActionMask = 2147483647;
			files = (
				7876F2C61C415D180014D67A /* ViewController.m in Sources */,
				7876F2C31C415D180014D67A /* AppDelegate.m in Sources */,
				7876F2C01C415D180014D67A /* main.m in Sources */,
			);
			runOnlyForDeploymentPostprocessing = 0;
		};
		7876F2D01C415D180014D67A /* Sources */ = {
			isa = PBXSourcesBuildPhase;
			buildActionMask = 2147483647;
			files = (
				7876F2D91C415D180014D67A /* PhotoDetectionTests.m in Sources */,
			);
			runOnlyForDeploymentPostprocessing = 0;
		};
		7876F2DB1C415D180014D67A /* Sources */ = {
			isa = PBXSourcesBuildPhase;
			buildActionMask = 2147483647;
			files = (
				7876F2E41C415D180014D67A /* PhotoDetectionUITests.m in Sources */,
			);
			runOnlyForDeploymentPostprocessing = 0;
		};
/* End PBXSourcesBuildPhase section */

/* Begin PBXTargetDependency section */
		7876F2D61C415D180014D67A /* PBXTargetDependency */ = {
			isa = PBXTargetDependency;
			target = 7876F2BA1C415D180014D67A /* PhotoDetection */;
			targetProxy = 7876F2D51C415D180014D67A /* PBXContainerItemProxy */;
		};
		7876F2E11C415D180014D67A /* PBXTargetDependency */ = {
			isa = PBXTargetDependency;
			target = 7876F2BA1C415D180014D67A /* PhotoDetection */;
			targetProxy = 7876F2E01C415D180014D67A /* PBXContainerItemProxy */;
		};
/* End PBXTargetDependency section */

/* Begin PBXVariantGroup section */
		7876F2C71C415D180014D67A /* Main.storyboard */ = {
			isa = PBXVariantGroup;
			children = (
				7876F2C81C415D180014D67A /* Base */,
			);
			name = Main.storyboard;
			sourceTree = "<group>";
		};
		7876F2CC1C415D180014D67A /* LaunchScreen.storyboard */ = {
			isa = PBXVariantGroup;
			children = (
				7876F2CD1C415D180014D67A /* Base */,
			);
			name = LaunchScreen.storyboard;
			sourceTree = "<group>";
		};
/* End PBXVariantGroup section */

/* Begin XCBuildConfiguration section */
		7876F2E61C415D180014D67A /* Debug */ = {
			isa = XCBuildConfiguration;
			buildSettings = {
				ALWAYS_SEARCH_USER_PATHS = NO;
				CLANG_CXX_LANGUAGE_STANDARD = "gnu++0x";
				CLANG_CXX_LIBRARY = "libc++";
				CLANG_ENABLE_MODULES = YES;
				CLANG_ENABLE_OBJC_ARC = YES;
				CLANG_WARN_BOOL_CONVERSION = YES;
				CLANG_WARN_CONSTANT_CONVERSION = YES;
				CLANG_WARN_DIRECT_OBJC_ISA_USAGE = YES_ERROR;
				CLANG_WARN_EMPTY_BODY = YES;
				CLANG_WARN_ENUM_CONVERSION = YES;
				CLANG_WARN_INT_CONVERSION = YES;
				CLANG_WARN_OBJC_ROOT_CLASS = YES_ERROR;
				CLANG_WARN_UNREACHABLE_CODE = YES;
				CLANG_WARN__DUPLICATE_METHOD_MATCH = YES;
				"CODE_SIGN_IDENTITY[sdk=iphoneos*]" = "iPhone Developer";
				COPY_PHASE_STRIP = NO;
				DEBUG_INFORMATION_FORMAT = dwarf;
				ENABLE_STRICT_OBJC_MSGSEND = YES;
				ENABLE_TESTABILITY = YES;
				GCC_C_LANGUAGE_STANDARD = gnu99;
				GCC_DYNAMIC_NO_PIC = NO;
				GCC_NO_COMMON_BLOCKS = YES;
				GCC_OPTIMIZATION_LEVEL = 0;
				GCC_PREPROCESSOR_DEFINITIONS = (
					"DEBUG=1",
					"$(inherited)",
				);
				GCC_WARN_64_TO_32_BIT_CONVERSION = YES;
				GCC_WARN_ABOUT_RETURN_TYPE = YES_ERROR;
				GCC_WARN_UNDECLARED_SELECTOR = YES;
				GCC_WARN_UNINITIALIZED_AUTOS = YES_AGGRESSIVE;
				GCC_WARN_UNUSED_FUNCTION = YES;
				GCC_WARN_UNUSED_VARIABLE = YES;
				IPHONEOS_DEPLOYMENT_TARGET = 9.2;
				MTL_ENABLE_DEBUG_INFO = YES;
				ONLY_ACTIVE_ARCH = YES;
				SDKROOT = iphoneos;
				TARGETED_DEVICE_FAMILY = "1,2";
			};
			name = Debug;
		};
		7876F2E71C415D180014D67A /* Release */ = {
			isa = XCBuildConfiguration;
			buildSettings = {
				ALWAYS_SEARCH_USER_PATHS = NO;
				CLANG_CXX_LANGUAGE_STANDARD = "gnu++0x";
				CLANG_CXX_LIBRARY = "libc++";
				CLANG_ENABLE_MODULES = YES;
				CLANG_ENABLE_OBJC_ARC = YES;
				CLANG_WARN_BOOL_CONVERSION = YES;
				CLANG_WARN_CONSTANT_CONVERSION = YES;
				CLANG_WARN_DIRECT_OBJC_ISA_USAGE = YES_ERROR;
				CLANG_WARN_EMPTY_BODY = YES;
				CLANG_WARN_ENUM_CONVERSION = YES;
				CLANG_WARN_INT_CONVERSION = YES;
				CLANG_WARN_OBJC_ROOT_CLASS = YES_ERROR;
				CLANG_WARN_UNREACHABLE_CODE = YES;
				CLANG_WARN__DUPLICATE_METHOD_MATCH = YES;
				"CODE_SIGN_IDENTITY[sdk=iphoneos*]" = "iPhone Developer";
				COPY_PHASE_STRIP = NO;
				DEBUG_INFORMATION_FORMAT = "dwarf-with-dsym";
				ENABLE_NS_ASSERTIONS = NO;
				ENABLE_STRICT_OBJC_MSGSEND = YES;
				GCC_C_LANGUAGE_STANDARD = gnu99;
				GCC_NO_COMMON_BLOCKS = YES;
				GCC_WARN_64_TO_32_BIT_CONVERSION = YES;
				GCC_WARN_ABOUT_RETURN_TYPE = YES_ERROR;
				GCC_WARN_UNDECLARED_SELECTOR = YES;
				GCC_WARN_UNINITIALIZED_AUTOS = YES_AGGRESSIVE;
				GCC_WARN_UNUSED_FUNCTION = YES;
				GCC_WARN_UNUSED_VARIABLE = YES;
				IPHONEOS_DEPLOYMENT_TARGET = 9.2;
				MTL_ENABLE_DEBUG_INFO = NO;
				SDKROOT = iphoneos;
				TARGETED_DEVICE_FAMILY = "1,2";
				VALIDATE_PRODUCT = YES;
			};
			name = Release;
		};
		7876F2E91C415D180014D67A /* Debug */ = {
			isa = XCBuildConfiguration;
			buildSettings = {
				ASSETCATALOG_COMPILER_APPICON_NAME = AppIcon;
				INFOPLIST_FILE = PhotoDetection/Info.plist;
				LD_RUNPATH_SEARCH_PATHS = "$(inherited) @executable_path/Frameworks";
				PRODUCT_BUNDLE_IDENTIFIER = com.alvincrisuy.PhotoDetection;
				PRODUCT_NAME = "$(TARGET_NAME)";
			};
			name = Debug;
		};
		7876F2EA1C415D180014D67A /* Release */ = {
			isa = XCBuildConfiguration;
			buildSettings = {
				ASSETCATALOG_COMPILER_APPICON_NAME = AppIcon;
				INFOPLIST_FILE = PhotoDetection/Info.plist;
				LD_RUNPATH_SEARCH_PATHS = "$(inherited) @executable_path/Frameworks";
				PRODUCT_BUNDLE_IDENTIFIER = com.alvincrisuy.PhotoDetection;
				PRODUCT_NAME = "$(TARGET_NAME)";
			};
			name = Release;
		};
		7876F2EC1C415D180014D67A /* Debug */ = {
			isa = XCBuildConfiguration;
			buildSettings = {
				BUNDLE_LOADER = "$(TEST_HOST)";
				INFOPLIST_FILE = PhotoDetectionTests/Info.plist;
				LD_RUNPATH_SEARCH_PATHS = "$(inherited) @executable_path/Frameworks @loader_path/Frameworks";
				PRODUCT_BUNDLE_IDENTIFIER = com.alvincrisuy.PhotoDetectionTests;
				PRODUCT_NAME = "$(TARGET_NAME)";
				TEST_HOST = "$(BUILT_PRODUCTS_DIR)/PhotoDetection.app/PhotoDetection";
			};
			name = Debug;
		};
		7876F2ED1C415D180014D67A /* Release */ = {
			isa = XCBuildConfiguration;
			buildSettings = {
				BUNDLE_LOADER = "$(TEST_HOST)";
				INFOPLIST_FILE = PhotoDetectionTests/Info.plist;
				LD_RUNPATH_SEARCH_PATHS = "$(inherited) @executable_path/Frameworks @loader_path/Frameworks";
				PRODUCT_BUNDLE_IDENTIFIER = com.alvincrisuy.PhotoDetectionTests;
				PRODUCT_NAME = "$(TARGET_NAME)";
				TEST_HOST = "$(BUILT_PRODUCTS_DIR)/PhotoDetection.app/PhotoDetection";
			};
			name = Release;
		};
		7876F2EF1C415D180014D67A /* Debug */ = {
			isa = XCBuildConfiguration;
			buildSettings = {
				INFOPLIST_FILE = PhotoDetectionUITests/Info.plist;
				LD_RUNPATH_SEARCH_PATHS = "$(inherited) @executable_path/Frameworks @loader_path/Frameworks";
				PRODUCT_BUNDLE_IDENTIFIER = com.alvincrisuy.PhotoDetectionUITests;
				PRODUCT_NAME = "$(TARGET_NAME)";
				TEST_TARGET_NAME = PhotoDetection;
				USES_XCTRUNNER = YES;
			};
			name = Debug;
		};
		7876F2F01C415D180014D67A /* Release */ = {
			isa = XCBuildConfiguration;
			buildSettings = {
				INFOPLIST_FILE = PhotoDetectionUITests/Info.plist;
				LD_RUNPATH_SEARCH_PATHS = "$(inherited) @executable_path/Frameworks @loader_path/Frameworks";
				PRODUCT_BUNDLE_IDENTIFIER = com.alvincrisuy.PhotoDetectionUITests;
				PRODUCT_NAME = "$(TARGET_NAME)";
				TEST_TARGET_NAME = PhotoDetection;
				USES_XCTRUNNER = YES;
			};
			name = Release;
		};
/* End XCBuildConfiguration section */

/* Begin XCConfigurationList section */
		7876F2B61C415D170014D67A /* Build configuration list for PBXProject "PhotoDetection" */ = {
			isa = XCConfigurationList;
			buildConfigurations = (
				7876F2E61C415D180014D67A /* Debug */,
				7876F2E71C415D180014D67A /* Release */,
			);
			defaultConfigurationIsVisible = 0;
			defaultConfigurationName = Release;
		};
		7876F2E81C415D180014D67A /* Build configuration list for PBXNativeTarget "PhotoDetection" */ = {
			isa = XCConfigurationList;
			buildConfigurations = (
				7876F2E91C415D180014D67A /* Debug */,
				7876F2EA1C415D180014D67A /* Release */,
			);
			defaultConfigurationIsVisible = 0;
		};
		7876F2EB1C415D180014D67A /* Build configuration list for PBXNativeTarget "PhotoDetectionTests" */ = {
			isa = XCConfigurationList;
			buildConfigurations = (
				7876F2EC1C415D180014D67A /* Debug */,
				7876F2ED1C415D180014D67A /* Release */,
			);
			defaultConfigurationIsVisible = 0;
		};
		7876F2EE1C415D180014D67A /* Build configuration list for PBXNativeTarget "PhotoDetectionUITests" */ = {
			isa = XCConfigurationList;
			buildConfigurations = (
				7876F2EF1C415D180014D67A /* Debug */,
				7876F2F01C415D180014D67A /* Release */,
			);
			defaultConfigurationIsVisible = 0;
		};
/* End XCConfigurationList section */
	};
	rootObject = 7876F2B31C415D170014D67A /* Project object */;
}
